// !$*UTF8*$!
{
	archiveVersion = 1;
	classes = {
	};
	objectVersion = 56;
	objects = {

/* Begin PBXBuildFile section */
		501D5DED2C40C18000F1E177 /* InfoPlist.xcstrings in Resources */ = {isa = PBXBuildFile; fileRef = 501D5DEC2C40C18000F1E177 /* InfoPlist.xcstrings */; };
		50D0C8B82C40187800538F49 /* Vapor in Frameworks */ = {isa = PBXBuildFile; productRef = 50D0C8B72C40187800538F49 /* Vapor */; };
		50D0C8BA2C401AD600538F49 /* Installer+TLS.swift in Sources */ = {isa = PBXBuildFile; fileRef = 50D0C8B92C401AD600538F49 /* Installer+TLS.swift */; };
		50D0C8BC2C401B3000538F49 /* Installer+App.swift in Sources */ = {isa = PBXBuildFile; fileRef = 50D0C8BB2C401B3000538F49 /* Installer+App.swift */; };
		50D0C8BE2C401B7B00538F49 /* Installer+Pic.swift in Sources */ = {isa = PBXBuildFile; fileRef = 50D0C8BD2C401B7B00538F49 /* Installer+Pic.swift */; };
		50D0C8C02C401DE000538F49 /* Installer+Compute.swift in Sources */ = {isa = PBXBuildFile; fileRef = 50D0C8BF2C401DE000538F49 /* Installer+Compute.swift */; };
		50D0C8C22C40253800538F49 /* Installer.swift in Sources */ = {isa = PBXBuildFile; fileRef = 50D0C8C12C40253800538F49 /* Installer.swift */; };
		50D44D082C3F91F700CF6A69 /* MainView.swift in Sources */ = {isa = PBXBuildFile; fileRef = 50D44D072C3F91F700CF6A69 /* MainView.swift */; };
		50D44D0A2C3F91F800CF6A69 /* Assets.xcassets in Resources */ = {isa = PBXBuildFile; fileRef = 50D44D092C3F91F800CF6A69 /* Assets.xcassets */; };
		50D44D162C3F927D00CF6A69 /* main.swift in Sources */ = {isa = PBXBuildFile; fileRef = 50D44D152C3F927D00CF6A69 /* main.swift */; };
		50D44D192C3F92A100CF6A69 /* ApplePackage in Frameworks */ = {isa = PBXBuildFile; productRef = 50D44D182C3F92A100CF6A69 /* ApplePackage */; };
		50D44D1C2C3F92BB00CF6A69 /* NIO in Frameworks */ = {isa = PBXBuildFile; productRef = 50D44D1B2C3F92BB00CF6A69 /* NIO */; };
		50D44D1E2C3F92BB00CF6A69 /* NIOHTTP1 in Frameworks */ = {isa = PBXBuildFile; productRef = 50D44D1D2C3F92BB00CF6A69 /* NIOHTTP1 */; };
		50D44D202C3F92BB00CF6A69 /* NIOTLS in Frameworks */ = {isa = PBXBuildFile; productRef = 50D44D1F2C3F92BB00CF6A69 /* NIOTLS */; };
		50D44D232C3F92C500CF6A69 /* NIOSSL in Frameworks */ = {isa = PBXBuildFile; productRef = 50D44D222C3F92C500CF6A69 /* NIOSSL */; };
		50D44D262C3F946100CF6A69 /* AccountView.swift in Sources */ = {isa = PBXBuildFile; fileRef = 50D44D252C3F946100CF6A69 /* AccountView.swift */; };
		50D44D282C3F946600CF6A69 /* SearchView.swift in Sources */ = {isa = PBXBuildFile; fileRef = 50D44D272C3F946600CF6A69 /* SearchView.swift */; };
		50D44D2A2C3F946C00CF6A69 /* DownloadView.swift in Sources */ = {isa = PBXBuildFile; fileRef = 50D44D292C3F946C00CF6A69 /* DownloadView.swift */; };
		50D44D2C2C3F947600CF6A69 /* SettingView.swift in Sources */ = {isa = PBXBuildFile; fileRef = 50D44D2B2C3F947600CF6A69 /* SettingView.swift */; };
		50D44D2E2C3F954400CF6A69 /* WelcomeView.swift in Sources */ = {isa = PBXBuildFile; fileRef = 50D44D2D2C3F954400CF6A69 /* WelcomeView.swift */; };
		50D44D302C3F96B900CF6A69 /* PublishedPersist.swift in Sources */ = {isa = PBXBuildFile; fileRef = 50D44D2F2C3F96B900CF6A69 /* PublishedPersist.swift */; };
		50D44D322C3F9F3500CF6A69 /* AppStore.swift in Sources */ = {isa = PBXBuildFile; fileRef = 50D44D312C3F9F3500CF6A69 /* AppStore.swift */; };
		50D44D3A2C3F9F6A00CF6A69 /* AddAccountView.swift in Sources */ = {isa = PBXBuildFile; fileRef = 50D44D392C3F9F6A00CF6A69 /* AddAccountView.swift */; };
		50D44D3C2C3FA34400CF6A69 /* AccountDetailView.swift in Sources */ = {isa = PBXBuildFile; fileRef = 50D44D3B2C3FA34400CF6A69 /* AccountDetailView.swift */; };
		50D44D3F2C3FA59500CF6A69 /* Kingfisher in Frameworks */ = {isa = PBXBuildFile; productRef = 50D44D3E2C3FA59500CF6A69 /* Kingfisher */; };
		50D44D412C3FA6CC00CF6A69 /* ArchivePreviewView.swift in Sources */ = {isa = PBXBuildFile; fileRef = 50D44D402C3FA6CC00CF6A69 /* ArchivePreviewView.swift */; };
		50D44D432C3FA6DC00CF6A69 /* StoreView.swift in Sources */ = {isa = PBXBuildFile; fileRef = 50D44D422C3FA6DC00CF6A69 /* StoreView.swift */; };
		50D44D452C3FAC4900CF6A69 /* DownloadManager.swift in Sources */ = {isa = PBXBuildFile; fileRef = 50D44D442C3FAC4900CF6A69 /* DownloadManager.swift */; };
		50D44D482C3FAE8000CF6A69 /* Tiercel in Frameworks */ = {isa = PBXBuildFile; productRef = 50D44D472C3FAE8000CF6A69 /* Tiercel */; };
		50D44D4A2C3FB97A00CF6A69 /* PackageView.swift in Sources */ = {isa = PBXBuildFile; fileRef = 50D44D492C3FB97A00CF6A69 /* PackageView.swift */; };
		50D44D4E2C3FC0DD00CF6A69 /* InstallerView.swift in Sources */ = {isa = PBXBuildFile; fileRef = 50D44D4D2C3FC0DD00CF6A69 /* InstallerView.swift */; };
		50D44D512C3FC85F00CF6A69 /* AnyCodable in Frameworks */ = {isa = PBXBuildFile; productRef = 50D44D502C3FC85F00CF6A69 /* AnyCodable */; };
		50E28B812C40BA52007891E0 /* ColorfulX in Frameworks */ = {isa = PBXBuildFile; productRef = 50E28B802C40BA52007891E0 /* ColorfulX */; };
		50E28B832C40BCB3007891E0 /* Localizable.xcstrings in Resources */ = {isa = PBXBuildFile; fileRef = 50E28B822C40BCB3007891E0 /* Localizable.xcstrings */; };
		50E6C5682C40CB7500460DB5 /* Certificates in Resources */ = {isa = PBXBuildFile; fileRef = 50E6C5672C40CB7500460DB5 /* Certificates */; };
/* End PBXBuildFile section */

/* Begin PBXFileReference section */
		501D5DEC2C40C18000F1E177 /* InfoPlist.xcstrings */ = {isa = PBXFileReference; lastKnownFileType = text.json.xcstrings; path = InfoPlist.xcstrings; sourceTree = "<group>"; };
		50D0C8B92C401AD600538F49 /* Installer+TLS.swift */ = {isa = PBXFileReference; lastKnownFileType = sourcecode.swift; path = "Installer+TLS.swift"; sourceTree = "<group>"; };
		50D0C8BB2C401B3000538F49 /* Installer+App.swift */ = {isa = PBXFileReference; lastKnownFileType = sourcecode.swift; path = "Installer+App.swift"; sourceTree = "<group>"; };
		50D0C8BD2C401B7B00538F49 /* Installer+Pic.swift */ = {isa = PBXFileReference; lastKnownFileType = sourcecode.swift; path = "Installer+Pic.swift"; sourceTree = "<group>"; };
		50D0C8BF2C401DE000538F49 /* Installer+Compute.swift */ = {isa = PBXFileReference; lastKnownFileType = sourcecode.swift; path = "Installer+Compute.swift"; sourceTree = "<group>"; };
		50D0C8C12C40253800538F49 /* Installer.swift */ = {isa = PBXFileReference; fileEncoding = 4; lastKnownFileType = sourcecode.swift; path = Installer.swift; sourceTree = "<group>"; };
		50D44D022C3F91F700CF6A69 /* Asspp.app */ = {isa = PBXFileReference; explicitFileType = wrapper.application; includeInIndex = 0; path = Asspp.app; sourceTree = BUILT_PRODUCTS_DIR; };
		50D44D072C3F91F700CF6A69 /* MainView.swift */ = {isa = PBXFileReference; lastKnownFileType = sourcecode.swift; path = MainView.swift; sourceTree = "<group>"; };
		50D44D092C3F91F800CF6A69 /* Assets.xcassets */ = {isa = PBXFileReference; lastKnownFileType = folder.assetcatalog; path = Assets.xcassets; sourceTree = "<group>"; };
		50D44D152C3F927D00CF6A69 /* main.swift */ = {isa = PBXFileReference; lastKnownFileType = sourcecode.swift; path = main.swift; sourceTree = "<group>"; };
		50D44D252C3F946100CF6A69 /* AccountView.swift */ = {isa = PBXFileReference; lastKnownFileType = sourcecode.swift; path = AccountView.swift; sourceTree = "<group>"; };
		50D44D272C3F946600CF6A69 /* SearchView.swift */ = {isa = PBXFileReference; lastKnownFileType = sourcecode.swift; path = SearchView.swift; sourceTree = "<group>"; };
		50D44D292C3F946C00CF6A69 /* DownloadView.swift */ = {isa = PBXFileReference; lastKnownFileType = sourcecode.swift; path = DownloadView.swift; sourceTree = "<group>"; };
		50D44D2B2C3F947600CF6A69 /* SettingView.swift */ = {isa = PBXFileReference; lastKnownFileType = sourcecode.swift; path = SettingView.swift; sourceTree = "<group>"; };
		50D44D2D2C3F954400CF6A69 /* WelcomeView.swift */ = {isa = PBXFileReference; lastKnownFileType = sourcecode.swift; path = WelcomeView.swift; sourceTree = "<group>"; };
		50D44D2F2C3F96B900CF6A69 /* PublishedPersist.swift */ = {isa = PBXFileReference; fileEncoding = 4; lastKnownFileType = sourcecode.swift; path = PublishedPersist.swift; sourceTree = "<group>"; };
		50D44D312C3F9F3500CF6A69 /* AppStore.swift */ = {isa = PBXFileReference; lastKnownFileType = sourcecode.swift; path = AppStore.swift; sourceTree = "<group>"; };
		50D44D392C3F9F6A00CF6A69 /* AddAccountView.swift */ = {isa = PBXFileReference; lastKnownFileType = sourcecode.swift; path = AddAccountView.swift; sourceTree = "<group>"; };
		50D44D3B2C3FA34400CF6A69 /* AccountDetailView.swift */ = {isa = PBXFileReference; lastKnownFileType = sourcecode.swift; path = AccountDetailView.swift; sourceTree = "<group>"; };
		50D44D402C3FA6CC00CF6A69 /* ArchivePreviewView.swift */ = {isa = PBXFileReference; lastKnownFileType = sourcecode.swift; path = ArchivePreviewView.swift; sourceTree = "<group>"; };
		50D44D422C3FA6DC00CF6A69 /* StoreView.swift */ = {isa = PBXFileReference; lastKnownFileType = sourcecode.swift; path = StoreView.swift; sourceTree = "<group>"; };
		50D44D442C3FAC4900CF6A69 /* DownloadManager.swift */ = {isa = PBXFileReference; lastKnownFileType = sourcecode.swift; path = DownloadManager.swift; sourceTree = "<group>"; };
		50D44D492C3FB97A00CF6A69 /* PackageView.swift */ = {isa = PBXFileReference; lastKnownFileType = sourcecode.swift; path = PackageView.swift; sourceTree = "<group>"; };
		50D44D4D2C3FC0DD00CF6A69 /* InstallerView.swift */ = {isa = PBXFileReference; lastKnownFileType = sourcecode.swift; path = InstallerView.swift; sourceTree = "<group>"; };
		50E28B822C40BCB3007891E0 /* Localizable.xcstrings */ = {isa = PBXFileReference; lastKnownFileType = text.json.xcstrings; path = Localizable.xcstrings; sourceTree = "<group>"; };
		50E6C5672C40CB7500460DB5 /* Certificates */ = {isa = PBXFileReference; lastKnownFileType = folder; name = Certificates; path = Resources/Certificates; sourceTree = SOURCE_ROOT; };
/* End PBXFileReference section */

/* Begin PBXFrameworksBuildPhase section */
		50D44CFF2C3F91F700CF6A69 /* Frameworks */ = {
			isa = PBXFrameworksBuildPhase;
			buildActionMask = 2147483647;
			files = (
				50D44D3F2C3FA59500CF6A69 /* Kingfisher in Frameworks */,
				50E28B812C40BA52007891E0 /* ColorfulX in Frameworks */,
				50D44D482C3FAE8000CF6A69 /* Tiercel in Frameworks */,
				50D44D232C3F92C500CF6A69 /* NIOSSL in Frameworks */,
				50D0C8B82C40187800538F49 /* Vapor in Frameworks */,
				50D44D1E2C3F92BB00CF6A69 /* NIOHTTP1 in Frameworks */,
				50D44D512C3FC85F00CF6A69 /* AnyCodable in Frameworks */,
				50D44D192C3F92A100CF6A69 /* ApplePackage in Frameworks */,
				50D44D1C2C3F92BB00CF6A69 /* NIO in Frameworks */,
				50D44D202C3F92BB00CF6A69 /* NIOTLS in Frameworks */,
			);
			runOnlyForDeploymentPostprocessing = 0;
		};
/* End PBXFrameworksBuildPhase section */

/* Begin PBXGroup section */
		50D44CF92C3F91F700CF6A69 = {
			isa = PBXGroup;
			children = (
				50D44D042C3F91F700CF6A69 /* Asspp */,
				50D44D032C3F91F700CF6A69 /* Products */,
				50D44D172C3F92A100CF6A69 /* Frameworks */,
			);
			sourceTree = "<group>";
		};
		50D44D032C3F91F700CF6A69 /* Products */ = {
			isa = PBXGroup;
			children = (
				50D44D022C3F91F700CF6A69 /* Asspp.app */,
			);
			name = Products;
			sourceTree = "<group>";
		};
		50D44D042C3F91F700CF6A69 /* Asspp */ = {
			isa = PBXGroup;
			children = (
				50D44D152C3F927D00CF6A69 /* main.swift */,
				50D44D092C3F91F800CF6A69 /* Assets.xcassets */,
				50E28B822C40BCB3007891E0 /* Localizable.xcstrings */,
				501D5DEC2C40C18000F1E177 /* InfoPlist.xcstrings */,
				50D44D342C3F9F4800CF6A69 /* Welcome */,
				50D44D332C3F9F4200CF6A69 /* Account */,
				50D44D352C3F9F5300CF6A69 /* Search */,
				50D44D362C3F9F5600CF6A69 /* Download */,
				50D44D372C3F9F5900CF6A69 /* Setting */,
				50D44D382C3F9F5D00CF6A69 /* Extension */,
				50E6C5672C40CB7500460DB5 /* Certificates */,
			);
			path = Asspp;
			sourceTree = "<group>";
		};
		50D44D172C3F92A100CF6A69 /* Frameworks */ = {
			isa = PBXGroup;
			children = (
			);
			name = Frameworks;
			sourceTree = "<group>";
		};
		50D44D332C3F9F4200CF6A69 /* Account */ = {
			isa = PBXGroup;
			children = (
				50D44D252C3F946100CF6A69 /* AccountView.swift */,
				50D44D3B2C3FA34400CF6A69 /* AccountDetailView.swift */,
				50D44D392C3F9F6A00CF6A69 /* AddAccountView.swift */,
				50D44D312C3F9F3500CF6A69 /* AppStore.swift */,
			);
			path = Account;
			sourceTree = "<group>";
		};
		50D44D342C3F9F4800CF6A69 /* Welcome */ = {
			isa = PBXGroup;
			children = (
				50D44D072C3F91F700CF6A69 /* MainView.swift */,
				50D44D2D2C3F954400CF6A69 /* WelcomeView.swift */,
			);
			path = Welcome;
			sourceTree = "<group>";
		};
		50D44D352C3F9F5300CF6A69 /* Search */ = {
			isa = PBXGroup;
			children = (
				50D44D272C3F946600CF6A69 /* SearchView.swift */,
				50D44D422C3FA6DC00CF6A69 /* StoreView.swift */,
				50D44D402C3FA6CC00CF6A69 /* ArchivePreviewView.swift */,
			);
			path = Search;
			sourceTree = "<group>";
		};
		50D44D362C3F9F5600CF6A69 /* Download */ = {
			isa = PBXGroup;
			children = (
				50D44D292C3F946C00CF6A69 /* DownloadView.swift */,
				50D44D442C3FAC4900CF6A69 /* DownloadManager.swift */,
				50D44D492C3FB97A00CF6A69 /* PackageView.swift */,
				50D0C8C12C40253800538F49 /* Installer.swift */,
				50D0C8BF2C401DE000538F49 /* Installer+Compute.swift */,
				50D0C8BD2C401B7B00538F49 /* Installer+Pic.swift */,
				50D0C8BB2C401B3000538F49 /* Installer+App.swift */,
				50D0C8B92C401AD600538F49 /* Installer+TLS.swift */,
				50D44D4D2C3FC0DD00CF6A69 /* InstallerView.swift */,
			);
			path = Download;
			sourceTree = "<group>";
		};
		50D44D372C3F9F5900CF6A69 /* Setting */ = {
			isa = PBXGroup;
			children = (
				50D44D2B2C3F947600CF6A69 /* SettingView.swift */,
			);
			path = Setting;
			sourceTree = "<group>";
		};
		50D44D382C3F9F5D00CF6A69 /* Extension */ = {
			isa = PBXGroup;
			children = (
				50D44D2F2C3F96B900CF6A69 /* PublishedPersist.swift */,
			);
			path = Extension;
			sourceTree = "<group>";
		};
/* End PBXGroup section */

/* Begin PBXNativeTarget section */
		50D44D012C3F91F700CF6A69 /* Asspp */ = {
			isa = PBXNativeTarget;
			buildConfigurationList = 50D44D102C3F91F800CF6A69 /* Build configuration list for PBXNativeTarget "Asspp" */;
			buildPhases = (
				50D44CFE2C3F91F700CF6A69 /* Sources */,
				50D44CFF2C3F91F700CF6A69 /* Frameworks */,
				50D44D002C3F91F700CF6A69 /* Resources */,
			);
			buildRules = (
			);
			dependencies = (
			);
			name = Asspp;
			packageProductDependencies = (
				50D44D182C3F92A100CF6A69 /* ApplePackage */,
				50D44D1B2C3F92BB00CF6A69 /* NIO */,
				50D44D1D2C3F92BB00CF6A69 /* NIOHTTP1 */,
				50D44D1F2C3F92BB00CF6A69 /* NIOTLS */,
				50D44D222C3F92C500CF6A69 /* NIOSSL */,
				50D44D3E2C3FA59500CF6A69 /* Kingfisher */,
				50D44D472C3FAE8000CF6A69 /* Tiercel */,
				50D44D502C3FC85F00CF6A69 /* AnyCodable */,
				50D0C8B72C40187800538F49 /* Vapor */,
				50E28B802C40BA52007891E0 /* ColorfulX */,
			);
			productName = Asspp;
			productReference = 50D44D022C3F91F700CF6A69 /* Asspp.app */;
			productType = "com.apple.product-type.application";
		};
/* End PBXNativeTarget section */

/* Begin PBXProject section */
		50D44CFA2C3F91F700CF6A69 /* Project object */ = {
			isa = PBXProject;
			attributes = {
				BuildIndependentTargetsInParallel = 1;
				LastSwiftUpdateCheck = 1540;
				LastUpgradeCheck = 1540;
				TargetAttributes = {
					50D44D012C3F91F700CF6A69 = {
						CreatedOnToolsVersion = 15.4;
					};
				};
			};
			buildConfigurationList = 50D44CFD2C3F91F700CF6A69 /* Build configuration list for PBXProject "Asspp" */;
			compatibilityVersion = "Xcode 14.0";
			developmentRegion = en;
			hasScannedForEncodings = 0;
			knownRegions = (
				en,
				Base,
				"zh-Hans",
			);
			mainGroup = 50D44CF92C3F91F700CF6A69;
			packageReferences = (
				50D44D1A2C3F92BB00CF6A69 /* XCRemoteSwiftPackageReference "swift-nio" */,
				50D44D212C3F92C500CF6A69 /* XCRemoteSwiftPackageReference "swift-nio-ssl" */,
				50D44D3D2C3FA59500CF6A69 /* XCRemoteSwiftPackageReference "Kingfisher" */,
				50D44D462C3FAE8000CF6A69 /* XCRemoteSwiftPackageReference "Tiercel" */,
				50D44D4F2C3FC85F00CF6A69 /* XCRemoteSwiftPackageReference "AnyCodable" */,
				50D0C8B62C40187800538F49 /* XCRemoteSwiftPackageReference "vapor" */,
				50E28B7F2C40BA52007891E0 /* XCRemoteSwiftPackageReference "ColorfulX" */,
			);
			productRefGroup = 50D44D032C3F91F700CF6A69 /* Products */;
			projectDirPath = "";
			projectRoot = "";
			targets = (
				50D44D012C3F91F700CF6A69 /* Asspp */,
			);
		};
/* End PBXProject section */

/* Begin PBXResourcesBuildPhase section */
		50D44D002C3F91F700CF6A69 /* Resources */ = {
			isa = PBXResourcesBuildPhase;
			buildActionMask = 2147483647;
			files = (
				50D44D0A2C3F91F800CF6A69 /* Assets.xcassets in Resources */,
				501D5DED2C40C18000F1E177 /* InfoPlist.xcstrings in Resources */,
				50E6C5682C40CB7500460DB5 /* Certificates in Resources */,
				50E28B832C40BCB3007891E0 /* Localizable.xcstrings in Resources */,
			);
			runOnlyForDeploymentPostprocessing = 0;
		};
/* End PBXResourcesBuildPhase section */

/* Begin PBXSourcesBuildPhase section */
		50D44CFE2C3F91F700CF6A69 /* Sources */ = {
			isa = PBXSourcesBuildPhase;
			buildActionMask = 2147483647;
			files = (
				50D44D282C3F946600CF6A69 /* SearchView.swift in Sources */,
				50D44D262C3F946100CF6A69 /* AccountView.swift in Sources */,
				50D0C8BA2C401AD600538F49 /* Installer+TLS.swift in Sources */,
				50D44D3A2C3F9F6A00CF6A69 /* AddAccountView.swift in Sources */,
				50D44D082C3F91F700CF6A69 /* MainView.swift in Sources */,
				50D44D432C3FA6DC00CF6A69 /* StoreView.swift in Sources */,
				50D44D4A2C3FB97A00CF6A69 /* PackageView.swift in Sources */,
				50D44D412C3FA6CC00CF6A69 /* ArchivePreviewView.swift in Sources */,
				50D44D302C3F96B900CF6A69 /* PublishedPersist.swift in Sources */,
				50D44D4E2C3FC0DD00CF6A69 /* InstallerView.swift in Sources */,
				50D0C8BE2C401B7B00538F49 /* Installer+Pic.swift in Sources */,
				50D44D3C2C3FA34400CF6A69 /* AccountDetailView.swift in Sources */,
				50D44D2C2C3F947600CF6A69 /* SettingView.swift in Sources */,
				50D44D162C3F927D00CF6A69 /* main.swift in Sources */,
				50D0C8C02C401DE000538F49 /* Installer+Compute.swift in Sources */,
				50D0C8C22C40253800538F49 /* Installer.swift in Sources */,
				50D44D322C3F9F3500CF6A69 /* AppStore.swift in Sources */,
				50D0C8BC2C401B3000538F49 /* Installer+App.swift in Sources */,
				50D44D2A2C3F946C00CF6A69 /* DownloadView.swift in Sources */,
				50D44D2E2C3F954400CF6A69 /* WelcomeView.swift in Sources */,
				50D44D452C3FAC4900CF6A69 /* DownloadManager.swift in Sources */,
			);
			runOnlyForDeploymentPostprocessing = 0;
		};
/* End PBXSourcesBuildPhase section */

/* Begin XCBuildConfiguration section */
		50D44D0E2C3F91F800CF6A69 /* Debug */ = {
			isa = XCBuildConfiguration;
			buildSettings = {
				ALWAYS_SEARCH_USER_PATHS = NO;
				ASSETCATALOG_COMPILER_GENERATE_SWIFT_ASSET_SYMBOL_EXTENSIONS = YES;
				CLANG_ANALYZER_NONNULL = YES;
				CLANG_ANALYZER_NUMBER_OBJECT_CONVERSION = YES_AGGRESSIVE;
				CLANG_CXX_LANGUAGE_STANDARD = "gnu++20";
				CLANG_ENABLE_MODULES = YES;
				CLANG_ENABLE_OBJC_ARC = YES;
				CLANG_ENABLE_OBJC_WEAK = YES;
				CLANG_WARN_BLOCK_CAPTURE_AUTORELEASING = YES;
				CLANG_WARN_BOOL_CONVERSION = YES;
				CLANG_WARN_COMMA = YES;
				CLANG_WARN_CONSTANT_CONVERSION = YES;
				CLANG_WARN_DEPRECATED_OBJC_IMPLEMENTATIONS = YES;
				CLANG_WARN_DIRECT_OBJC_ISA_USAGE = YES_ERROR;
				CLANG_WARN_DOCUMENTATION_COMMENTS = YES;
				CLANG_WARN_EMPTY_BODY = YES;
				CLANG_WARN_ENUM_CONVERSION = YES;
				CLANG_WARN_INFINITE_RECURSION = YES;
				CLANG_WARN_INT_CONVERSION = YES;
				CLANG_WARN_NON_LITERAL_NULL_CONVERSION = YES;
				CLANG_WARN_OBJC_IMPLICIT_RETAIN_SELF = YES;
				CLANG_WARN_OBJC_LITERAL_CONVERSION = YES;
				CLANG_WARN_OBJC_ROOT_CLASS = YES_ERROR;
				CLANG_WARN_QUOTED_INCLUDE_IN_FRAMEWORK_HEADER = YES;
				CLANG_WARN_RANGE_LOOP_ANALYSIS = YES;
				CLANG_WARN_STRICT_PROTOTYPES = YES;
				CLANG_WARN_SUSPICIOUS_MOVE = YES;
				CLANG_WARN_UNGUARDED_AVAILABILITY = YES_AGGRESSIVE;
				CLANG_WARN_UNREACHABLE_CODE = YES;
				CLANG_WARN__DUPLICATE_METHOD_MATCH = YES;
				COPY_PHASE_STRIP = NO;
				DEBUG_INFORMATION_FORMAT = dwarf;
				ENABLE_STRICT_OBJC_MSGSEND = YES;
				ENABLE_TESTABILITY = YES;
				ENABLE_USER_SCRIPT_SANDBOXING = YES;
				GCC_C_LANGUAGE_STANDARD = gnu17;
				GCC_DYNAMIC_NO_PIC = NO;
				GCC_NO_COMMON_BLOCKS = YES;
				GCC_OPTIMIZATION_LEVEL = 0;
				GCC_PREPROCESSOR_DEFINITIONS = (
					"DEBUG=1",
					"$(inherited)",
				);
				GCC_WARN_64_TO_32_BIT_CONVERSION = YES;
				GCC_WARN_ABOUT_RETURN_TYPE = YES_ERROR;
				GCC_WARN_UNDECLARED_SELECTOR = YES;
				GCC_WARN_UNINITIALIZED_AUTOS = YES_AGGRESSIVE;
				GCC_WARN_UNUSED_FUNCTION = YES;
				GCC_WARN_UNUSED_VARIABLE = YES;
				IPHONEOS_DEPLOYMENT_TARGET = 17.5;
				LOCALIZATION_PREFERS_STRING_CATALOGS = YES;
				MTL_ENABLE_DEBUG_INFO = INCLUDE_SOURCE;
				MTL_FAST_MATH = YES;
				ONLY_ACTIVE_ARCH = YES;
				SDKROOT = iphoneos;
				SWIFT_ACTIVE_COMPILATION_CONDITIONS = "DEBUG $(inherited)";
				SWIFT_OPTIMIZATION_LEVEL = "-Onone";
			};
			name = Debug;
		};
		50D44D0F2C3F91F800CF6A69 /* Release */ = {
			isa = XCBuildConfiguration;
			buildSettings = {
				ALWAYS_SEARCH_USER_PATHS = NO;
				ASSETCATALOG_COMPILER_GENERATE_SWIFT_ASSET_SYMBOL_EXTENSIONS = YES;
				CLANG_ANALYZER_NONNULL = YES;
				CLANG_ANALYZER_NUMBER_OBJECT_CONVERSION = YES_AGGRESSIVE;
				CLANG_CXX_LANGUAGE_STANDARD = "gnu++20";
				CLANG_ENABLE_MODULES = YES;
				CLANG_ENABLE_OBJC_ARC = YES;
				CLANG_ENABLE_OBJC_WEAK = YES;
				CLANG_WARN_BLOCK_CAPTURE_AUTORELEASING = YES;
				CLANG_WARN_BOOL_CONVERSION = YES;
				CLANG_WARN_COMMA = YES;
				CLANG_WARN_CONSTANT_CONVERSION = YES;
				CLANG_WARN_DEPRECATED_OBJC_IMPLEMENTATIONS = YES;
				CLANG_WARN_DIRECT_OBJC_ISA_USAGE = YES_ERROR;
				CLANG_WARN_DOCUMENTATION_COMMENTS = YES;
				CLANG_WARN_EMPTY_BODY = YES;
				CLANG_WARN_ENUM_CONVERSION = YES;
				CLANG_WARN_INFINITE_RECURSION = YES;
				CLANG_WARN_INT_CONVERSION = YES;
				CLANG_WARN_NON_LITERAL_NULL_CONVERSION = YES;
				CLANG_WARN_OBJC_IMPLICIT_RETAIN_SELF = YES;
				CLANG_WARN_OBJC_LITERAL_CONVERSION = YES;
				CLANG_WARN_OBJC_ROOT_CLASS = YES_ERROR;
				CLANG_WARN_QUOTED_INCLUDE_IN_FRAMEWORK_HEADER = YES;
				CLANG_WARN_RANGE_LOOP_ANALYSIS = YES;
				CLANG_WARN_STRICT_PROTOTYPES = YES;
				CLANG_WARN_SUSPICIOUS_MOVE = YES;
				CLANG_WARN_UNGUARDED_AVAILABILITY = YES_AGGRESSIVE;
				CLANG_WARN_UNREACHABLE_CODE = YES;
				CLANG_WARN__DUPLICATE_METHOD_MATCH = YES;
				COPY_PHASE_STRIP = NO;
				DEBUG_INFORMATION_FORMAT = "dwarf-with-dsym";
				ENABLE_NS_ASSERTIONS = NO;
				ENABLE_STRICT_OBJC_MSGSEND = YES;
				ENABLE_USER_SCRIPT_SANDBOXING = YES;
				GCC_C_LANGUAGE_STANDARD = gnu17;
				GCC_NO_COMMON_BLOCKS = YES;
				GCC_WARN_64_TO_32_BIT_CONVERSION = YES;
				GCC_WARN_ABOUT_RETURN_TYPE = YES_ERROR;
				GCC_WARN_UNDECLARED_SELECTOR = YES;
				GCC_WARN_UNINITIALIZED_AUTOS = YES_AGGRESSIVE;
				GCC_WARN_UNUSED_FUNCTION = YES;
				GCC_WARN_UNUSED_VARIABLE = YES;
				IPHONEOS_DEPLOYMENT_TARGET = 17.5;
				LOCALIZATION_PREFERS_STRING_CATALOGS = YES;
				MTL_ENABLE_DEBUG_INFO = NO;
				MTL_FAST_MATH = YES;
				SDKROOT = iphoneos;
				SWIFT_COMPILATION_MODE = wholemodule;
				VALIDATE_PRODUCT = YES;
			};
			name = Release;
		};
		50D44D112C3F91F800CF6A69 /* Debug */ = {
			isa = XCBuildConfiguration;
			buildSettings = {
				ASSETCATALOG_COMPILER_APPICON_NAME = AppIcon;
				ASSETCATALOG_COMPILER_GLOBAL_ACCENT_COLOR_NAME = AccentColor;
				CODE_SIGN_STYLE = Automatic;
				CURRENT_PROJECT_VERSION = 1;
				DEVELOPMENT_TEAM = "";
				ENABLE_PREVIEWS = YES;
				GENERATE_INFOPLIST_FILE = YES;
				INFOPLIST_KEY_LSApplicationCategoryType = "public.app-category.developer-tools";
				INFOPLIST_KEY_UIApplicationSceneManifest_Generation = YES;
				INFOPLIST_KEY_UIApplicationSupportsIndirectInputEvents = YES;
				INFOPLIST_KEY_UILaunchScreen_Generation = YES;
				INFOPLIST_KEY_UISupportedInterfaceOrientations = UIInterfaceOrientationPortrait;
				INFOPLIST_KEY_UISupportedInterfaceOrientations_iPad = "UIInterfaceOrientationLandscapeLeft UIInterfaceOrientationLandscapeRight UIInterfaceOrientationPortrait UIInterfaceOrientationPortraitUpsideDown";
				IPHONEOS_DEPLOYMENT_TARGET = 15.0;
				LD_RUNPATH_SEARCH_PATHS = (
					"$(inherited)",
					"@executable_path/Frameworks",
				);
				MARKETING_VERSION = 1.0;
				PRODUCT_BUNDLE_IDENTIFIER = wiki.qaq.Asspp;
				PRODUCT_NAME = "$(TARGET_NAME)";
				SWIFT_EMIT_LOC_STRINGS = YES;
				SWIFT_VERSION = 5.0;
				TARGETED_DEVICE_FAMILY = "1,2";
			};
			name = Debug;
		};
		50D44D122C3F91F800CF6A69 /* Release */ = {
			isa = XCBuildConfiguration;
			buildSettings = {
				ASSETCATALOG_COMPILER_APPICON_NAME = AppIcon;
				ASSETCATALOG_COMPILER_GLOBAL_ACCENT_COLOR_NAME = AccentColor;
				CODE_SIGN_STYLE = Automatic;
				CURRENT_PROJECT_VERSION = 1;
				DEVELOPMENT_TEAM = "";
				ENABLE_PREVIEWS = YES;
				GENERATE_INFOPLIST_FILE = YES;
				INFOPLIST_KEY_LSApplicationCategoryType = "public.app-category.developer-tools";
				INFOPLIST_KEY_UIApplicationSceneManifest_Generation = YES;
				INFOPLIST_KEY_UIApplicationSupportsIndirectInputEvents = YES;
				INFOPLIST_KEY_UILaunchScreen_Generation = YES;
				INFOPLIST_KEY_UISupportedInterfaceOrientations = UIInterfaceOrientationPortrait;
				INFOPLIST_KEY_UISupportedInterfaceOrientations_iPad = "UIInterfaceOrientationLandscapeLeft UIInterfaceOrientationLandscapeRight UIInterfaceOrientationPortrait UIInterfaceOrientationPortraitUpsideDown";
				IPHONEOS_DEPLOYMENT_TARGET = 15.0;
				LD_RUNPATH_SEARCH_PATHS = (
					"$(inherited)",
					"@executable_path/Frameworks",
				);
				MARKETING_VERSION = 1.0;
				PRODUCT_BUNDLE_IDENTIFIER = wiki.qaq.Asspp;
				PRODUCT_NAME = "$(TARGET_NAME)";
				SWIFT_EMIT_LOC_STRINGS = YES;
				SWIFT_VERSION = 5.0;
				TARGETED_DEVICE_FAMILY = "1,2";
			};
			name = Release;
		};
/* End XCBuildConfiguration section */

/* Begin XCConfigurationList section */
		50D44CFD2C3F91F700CF6A69 /* Build configuration list for PBXProject "Asspp" */ = {
			isa = XCConfigurationList;
			buildConfigurations = (
				50D44D0E2C3F91F800CF6A69 /* Debug */,
				50D44D0F2C3F91F800CF6A69 /* Release */,
			);
			defaultConfigurationIsVisible = 0;
			defaultConfigurationName = Release;
		};
		50D44D102C3F91F800CF6A69 /* Build configuration list for PBXNativeTarget "Asspp" */ = {
			isa = XCConfigurationList;
			buildConfigurations = (
				50D44D112C3F91F800CF6A69 /* Debug */,
				50D44D122C3F91F800CF6A69 /* Release */,
			);
			defaultConfigurationIsVisible = 0;
			defaultConfigurationName = Release;
		};
/* End XCConfigurationList section */

/* Begin XCRemoteSwiftPackageReference section */
		50D0C8B62C40187800538F49 /* XCRemoteSwiftPackageReference "vapor" */ = {
			isa = XCRemoteSwiftPackageReference;
			repositoryURL = "https://github.com/vapor/vapor";
			requirement = {
				kind = upToNextMajorVersion;
				minimumVersion = 4.102.1;
			};
		};
		50D44D1A2C3F92BB00CF6A69 /* XCRemoteSwiftPackageReference "swift-nio" */ = {
			isa = XCRemoteSwiftPackageReference;
			repositoryURL = "https://github.com/apple/swift-nio.git";
			requirement = {
				kind = upToNextMajorVersion;
				minimumVersion = 2.68.0;
			};
		};
		50D44D212C3F92C500CF6A69 /* XCRemoteSwiftPackageReference "swift-nio-ssl" */ = {
			isa = XCRemoteSwiftPackageReference;
			repositoryURL = "https://github.com/apple/swift-nio-ssl.git";
			requirement = {
				kind = upToNextMajorVersion;
				minimumVersion = 2.27.0;
			};
		};
		50D44D3D2C3FA59500CF6A69 /* XCRemoteSwiftPackageReference "Kingfisher" */ = {
			isa = XCRemoteSwiftPackageReference;
			repositoryURL = "https://github.com/onevcat/Kingfisher";
			requirement = {
				kind = upToNextMajorVersion;
				minimumVersion = 7.12.0;
			};
		};
		50D44D462C3FAE8000CF6A69 /* XCRemoteSwiftPackageReference "Tiercel" */ = {
			isa = XCRemoteSwiftPackageReference;
			repositoryURL = "https://github.com/Danie1s/Tiercel";
			requirement = {
				kind = upToNextMajorVersion;
				minimumVersion = 3.2.5;
			};
		};
		50D44D4F2C3FC85F00CF6A69 /* XCRemoteSwiftPackageReference "AnyCodable" */ = {
			isa = XCRemoteSwiftPackageReference;
			repositoryURL = "https://github.com/Flight-School/AnyCodable";
			requirement = {
				kind = upToNextMajorVersion;
				minimumVersion = 0.6.7;
			};
		};
		50E28B7F2C40BA52007891E0 /* XCRemoteSwiftPackageReference "ColorfulX" */ = {
			isa = XCRemoteSwiftPackageReference;
			repositoryURL = "https://github.com/Lakr233/ColorfulX";
			requirement = {
				kind = upToNextMajorVersion;
				minimumVersion = 4.1.4;
			};
		};
/* End XCRemoteSwiftPackageReference section */

/* Begin XCSwiftPackageProductDependency section */
		50D0C8B72C40187800538F49 /* Vapor */ = {
			isa = XCSwiftPackageProductDependency;
			package = 50D0C8B62C40187800538F49 /* XCRemoteSwiftPackageReference "vapor" */;
			productName = Vapor;
		};
		50D44D182C3F92A100CF6A69 /* ApplePackage */ = {
			isa = XCSwiftPackageProductDependency;
			productName = ApplePackage;
		};
		50D44D1B2C3F92BB00CF6A69 /* NIO */ = {
			isa = XCSwiftPackageProductDependency;
			package = 50D44D1A2C3F92BB00CF6A69 /* XCRemoteSwiftPackageReference "swift-nio" */;
			productName = NIO;
		};
		50D44D1D2C3F92BB00CF6A69 /* NIOHTTP1 */ = {
			isa = XCSwiftPackageProductDependency;
			package = 50D44D1A2C3F92BB00CF6A69 /* XCRemoteSwiftPackageReference "swift-nio" */;
			productName = NIOHTTP1;
		};
		50D44D1F2C3F92BB00CF6A69 /* NIOTLS */ = {
			isa = XCSwiftPackageProductDependency;
			package = 50D44D1A2C3F92BB00CF6A69 /* XCRemoteSwiftPackageReference "swift-nio" */;
			productName = NIOTLS;
		};
		50D44D222C3F92C500CF6A69 /* NIOSSL */ = {
			isa = XCSwiftPackageProductDependency;
			package = 50D44D212C3F92C500CF6A69 /* XCRemoteSwiftPackageReference "swift-nio-ssl" */;
			productName = NIOSSL;
		};
		50D44D3E2C3FA59500CF6A69 /* Kingfisher */ = {
			isa = XCSwiftPackageProductDependency;
			package = 50D44D3D2C3FA59500CF6A69 /* XCRemoteSwiftPackageReference "Kingfisher" */;
			productName = Kingfisher;
		};
		50D44D472C3FAE8000CF6A69 /* Tiercel */ = {
			isa = XCSwiftPackageProductDependency;
			package = 50D44D462C3FAE8000CF6A69 /* XCRemoteSwiftPackageReference "Tiercel" */;
			productName = Tiercel;
		};
		50D44D502C3FC85F00CF6A69 /* AnyCodable */ = {
			isa = XCSwiftPackageProductDependency;
			package = 50D44D4F2C3FC85F00CF6A69 /* XCRemoteSwiftPackageReference "AnyCodable" */;
			productName = AnyCodable;
		};
		50E28B802C40BA52007891E0 /* ColorfulX */ = {
			isa = XCSwiftPackageProductDependency;
			package = 50E28B7F2C40BA52007891E0 /* XCRemoteSwiftPackageReference "ColorfulX" */;
			productName = ColorfulX;
		};
/* End XCSwiftPackageProductDependency section */
	};
	rootObject = 50D44CFA2C3F91F700CF6A69 /* Project object */;
}
