// !$*UTF8*$!
{
	archiveVersion = 1;
	classes = {
	};
	objectVersion = 70;
	objects = {

/* Begin PBXBuildFile section */
		50184B892E7860D500402B74 /* Dynamic in Frameworks */ = {isa = PBXBuildFile; productRef = 50184B882E7860D500402B74 /* Dynamic */; };
		507974632E784D4E0016F540 /* Digger in Frameworks */ = {isa = PBXBuildFile; productRef = 507974622E784D4E0016F540 /* Digger */; };
		50D0C8B82C40187800538F49 /* Vapor in Frameworks */ = {isa = PBXBuildFile; productRef = 50D0C8B72C40187800538F49 /* Vapor */; };
		50D262942E77D63B00FF8813 /* Logging in Frameworks */ = {isa = PBXBuildFile; productRef = 50D262932E77D63B00FF8813 /* Logging */; };
		50D44D192C3F92A100CF6A69 /* ApplePackage in Frameworks */ = {isa = PBXBuildFile; productRef = 50D44D182C3F92A100CF6A69 /* ApplePackage */; };
		50D44D1C2C3F92BB00CF6A69 /* NIO in Frameworks */ = {isa = PBXBuildFile; productRef = 50D44D1B2C3F92BB00CF6A69 /* NIO */; };
		50D44D1E2C3F92BB00CF6A69 /* NIOHTTP1 in Frameworks */ = {isa = PBXBuildFile; productRef = 50D44D1D2C3F92BB00CF6A69 /* NIOHTTP1 */; };
		50D44D202C3F92BB00CF6A69 /* NIOTLS in Frameworks */ = {isa = PBXBuildFile; productRef = 50D44D1F2C3F92BB00CF6A69 /* NIOTLS */; };
		50D44D232C3F92C500CF6A69 /* NIOSSL in Frameworks */ = {isa = PBXBuildFile; productRef = 50D44D222C3F92C500CF6A69 /* NIOSSL */; };
		50D44D3F2C3FA59500CF6A69 /* Kingfisher in Frameworks */ = {isa = PBXBuildFile; productRef = 50D44D3E2C3FA59500CF6A69 /* Kingfisher */; };
		50D44D512C3FC85F00CF6A69 /* AnyCodable in Frameworks */ = {isa = PBXBuildFile; productRef = 50D44D502C3FC85F00CF6A69 /* AnyCodable */; };
		50E28B812C40BA52007891E0 /* ColorfulX in Frameworks */ = {isa = PBXBuildFile; productRef = 50E28B802C40BA52007891E0 /* ColorfulX */; };
		50E6C5682C40CB7500460DB5 /* Certificates in Resources */ = {isa = PBXBuildFile; fileRef = 50E6C5672C40CB7500460DB5 /* Certificates */; };
		80CD64ED2C42AA2C0073E206 /* KeychainAccess in Frameworks */ = {isa = PBXBuildFile; productRef = 80CD64EC2C42AA2C0073E206 /* KeychainAccess */; };
/* End PBXBuildFile section */

/* Begin PBXFileReference section */
		507952E92E78740900954B8A /* Info.plist */ = {isa = PBXFileReference; lastKnownFileType = text.plist; path = Info.plist; sourceTree = "<group>"; };
		50D44D022C3F91F700CF6A69 /* Asspp.app */ = {isa = PBXFileReference; explicitFileType = wrapper.application; includeInIndex = 0; path = Asspp.app; sourceTree = BUILT_PRODUCTS_DIR; };
		50E6C5672C40CB7500460DB5 /* Certificates */ = {isa = PBXFileReference; lastKnownFileType = folder; name = Certificates; path = Resources/Certificates; sourceTree = SOURCE_ROOT; };
		80CD64EA2C42A7E80073E206 /* Asspp.entitlements */ = {isa = PBXFileReference; lastKnownFileType = text.plist.entitlements; path = Asspp.entitlements; sourceTree = "<group>"; };
/* End PBXFileReference section */

/* Begin PBXFileSystemSynchronizedRootGroup section */
		5081AB832E77CD1800F6E9F0 /* App */ = {isa = PBXFileSystemSynchronizedRootGroup; explicitFileTypes = {}; explicitFolders = (); path = App; sourceTree = "<group>"; };
		5081AB952E77CD1800F6E9F0 /* Backend */ = {isa = PBXFileSystemSynchronizedRootGroup; explicitFileTypes = {}; explicitFolders = (); path = Backend; sourceTree = "<group>"; };
		5081AB982E77CD1800F6E9F0 /* Extension */ = {isa = PBXFileSystemSynchronizedRootGroup; explicitFileTypes = {}; explicitFolders = (); path = Extension; sourceTree = "<group>"; };
		5081ABAF2E77CD1800F6E9F0 /* Interface */ = {isa = PBXFileSystemSynchronizedRootGroup; explicitFileTypes = {}; explicitFolders = (); path = Interface; sourceTree = "<group>"; };
/* End PBXFileSystemSynchronizedRootGroup section */

/* Begin PBXFrameworksBuildPhase section */
		50D44CFF2C3F91F700CF6A69 /* Frameworks */ = {
			isa = PBXFrameworksBuildPhase;
			buildActionMask = 2147483647;
			files = (
				50D44D3F2C3FA59500CF6A69 /* Kingfisher in Frameworks */,
				50E28B812C40BA52007891E0 /* ColorfulX in Frameworks */,
				50D44D232C3F92C500CF6A69 /* NIOSSL in Frameworks */,
				50D0C8B82C40187800538F49 /* Vapor in Frameworks */,
				507974632E784D4E0016F540 /* Digger in Frameworks */,
				50D44D1E2C3F92BB00CF6A69 /* NIOHTTP1 in Frameworks */,
				50D262942E77D63B00FF8813 /* Logging in Frameworks */,
				50184B892E7860D500402B74 /* Dynamic in Frameworks */,
				50D44D512C3FC85F00CF6A69 /* AnyCodable in Frameworks */,
				50D44D192C3F92A100CF6A69 /* ApplePackage in Frameworks */,
				80CD64ED2C42AA2C0073E206 /* KeychainAccess in Frameworks */,
				50D44D1C2C3F92BB00CF6A69 /* NIO in Frameworks */,
				50D44D202C3F92BB00CF6A69 /* NIOTLS in Frameworks */,
			);
			runOnlyForDeploymentPostprocessing = 0;
		};
/* End PBXFrameworksBuildPhase section */

/* Begin PBXGroup section */
		50D44CF92C3F91F700CF6A69 = {
			isa = PBXGroup;
			children = (
				50D44D042C3F91F700CF6A69 /* Asspp */,
				50D44D032C3F91F700CF6A69 /* Products */,
				50D44D172C3F92A100CF6A69 /* Frameworks */,
			);
			sourceTree = "<group>";
		};
		50D44D032C3F91F700CF6A69 /* Products */ = {
			isa = PBXGroup;
			children = (
				50D44D022C3F91F700CF6A69 /* Asspp.app */,
			);
			name = Products;
			sourceTree = "<group>";
		};
		50D44D042C3F91F700CF6A69 /* Asspp */ = {
			isa = PBXGroup;
			children = (
				507952E92E78740900954B8A /* Info.plist */,
				80CD64EA2C42A7E80073E206 /* Asspp.entitlements */,
				5081AB832E77CD1800F6E9F0 /* App */,
				5081AB952E77CD1800F6E9F0 /* Backend */,
				5081AB982E77CD1800F6E9F0 /* Extension */,
				5081ABAF2E77CD1800F6E9F0 /* Interface */,
				50E6C5672C40CB7500460DB5 /* Certificates */,
			);
			path = Asspp;
			sourceTree = "<group>";
		};
		50D44D172C3F92A100CF6A69 /* Frameworks */ = {
			isa = PBXGroup;
			children = (
			);
			name = Frameworks;
			sourceTree = "<group>";
		};
/* End PBXGroup section */

/* Begin PBXNativeTarget section */
		50D44D012C3F91F700CF6A69 /* Asspp */ = {
			isa = PBXNativeTarget;
			buildConfigurationList = 50D44D102C3F91F800CF6A69 /* Build configuration list for PBXNativeTarget "Asspp" */;
			buildPhases = (
				50D44CFE2C3F91F700CF6A69 /* Sources */,
				50D44CFF2C3F91F700CF6A69 /* Frameworks */,
				50D44D002C3F91F700CF6A69 /* Resources */,
			);
			buildRules = (
			);
			dependencies = (
			);
			fileSystemSynchronizedGroups = (
				5081AB832E77CD1800F6E9F0 /* App */,
				5081AB952E77CD1800F6E9F0 /* Backend */,
				5081AB982E77CD1800F6E9F0 /* Extension */,
				5081ABAF2E77CD1800F6E9F0 /* Interface */,
			);
			name = Asspp;
			packageProductDependencies = (
				50D44D182C3F92A100CF6A69 /* ApplePackage */,
				50D44D1B2C3F92BB00CF6A69 /* NIO */,
				50D44D1D2C3F92BB00CF6A69 /* NIOHTTP1 */,
				50D44D1F2C3F92BB00CF6A69 /* NIOTLS */,
				50D44D222C3F92C500CF6A69 /* NIOSSL */,
				50D44D3E2C3FA59500CF6A69 /* Kingfisher */,
				50D44D502C3FC85F00CF6A69 /* AnyCodable */,
				50D0C8B72C40187800538F49 /* Vapor */,
				50E28B802C40BA52007891E0 /* ColorfulX */,
				80CD64EC2C42AA2C0073E206 /* KeychainAccess */,
				50D262932E77D63B00FF8813 /* Logging */,
				507974622E784D4E0016F540 /* Digger */,
				50184B882E7860D500402B74 /* Dynamic */,
			);
			productName = Asspp;
			productReference = 50D44D022C3F91F700CF6A69 /* Asspp.app */;
			productType = "com.apple.product-type.application";
		};
/* End PBXNativeTarget section */

/* Begin PBXProject section */
		50D44CFA2C3F91F700CF6A69 /* Project object */ = {
			isa = PBXProject;
			attributes = {
				BuildIndependentTargetsInParallel = 1;
				LastSwiftUpdateCheck = 1540;
				LastUpgradeCheck = 2600;
				TargetAttributes = {
					50D44D012C3F91F700CF6A69 = {
						CreatedOnToolsVersion = 15.4;
					};
				};
			};
			buildConfigurationList = 50D44CFD2C3F91F700CF6A69 /* Build configuration list for PBXProject "Asspp" */;
			compatibilityVersion = "Xcode 14.0";
			developmentRegion = en;
			hasScannedForEncodings = 0;
			knownRegions = (
				en,
				"zh-Hans",
				Base,
			);
			mainGroup = 50D44CF92C3F91F700CF6A69;
			packageReferences = (
				50D44D1A2C3F92BB00CF6A69 /* XCRemoteSwiftPackageReference "swift-nio" */,
				50D44D212C3F92C500CF6A69 /* XCRemoteSwiftPackageReference "swift-nio-ssl" */,
				50D44D3D2C3FA59500CF6A69 /* XCRemoteSwiftPackageReference "Kingfisher" */,
				50D44D4F2C3FC85F00CF6A69 /* XCRemoteSwiftPackageReference "AnyCodable" */,
				50D0C8B62C40187800538F49 /* XCRemoteSwiftPackageReference "vapor" */,
				50E28B7F2C40BA52007891E0 /* XCRemoteSwiftPackageReference "ColorfulX" */,
				80CD64EB2C42AA2C0073E206 /* XCRemoteSwiftPackageReference "KeychainAccess" */,
				50D262922E77D63B00FF8813 /* XCRemoteSwiftPackageReference "swift-log" */,
				507974612E784D4E0016F540 /* XCRemoteSwiftPackageReference "Digger" */,
				50184B872E7860D500402B74 /* XCRemoteSwiftPackageReference "Dynamic" */,
			);
			productRefGroup = 50D44D032C3F91F700CF6A69 /* Products */;
			projectDirPath = "";
			projectRoot = "";
			targets = (
				50D44D012C3F91F700CF6A69 /* Asspp */,
			);
		};
/* End PBXProject section */

/* Begin PBXResourcesBuildPhase section */
		50D44D002C3F91F700CF6A69 /* Resources */ = {
			isa = PBXResourcesBuildPhase;
			buildActionMask = 2147483647;
			files = (
				50E6C5682C40CB7500460DB5 /* Certificates in Resources */,
			);
			runOnlyForDeploymentPostprocessing = 0;
		};
/* End PBXResourcesBuildPhase section */

/* Begin PBXSourcesBuildPhase section */
		50D44CFE2C3F91F700CF6A69 /* Sources */ = {
			isa = PBXSourcesBuildPhase;
			buildActionMask = 2147483647;
			files = (
			);
			runOnlyForDeploymentPostprocessing = 0;
		};
/* End PBXSourcesBuildPhase section */

/* Begin XCBuildConfiguration section */
		50D44D0E2C3F91F800CF6A69 /* Debug */ = {
			isa = XCBuildConfiguration;
			buildSettings = {
				ALWAYS_SEARCH_USER_PATHS = NO;
				ASSETCATALOG_COMPILER_GENERATE_SWIFT_ASSET_SYMBOL_EXTENSIONS = YES;
				CLANG_ANALYZER_LOCALIZABILITY_NONLOCALIZED = YES;
				CLANG_ANALYZER_NONNULL = YES;
				CLANG_ANALYZER_NUMBER_OBJECT_CONVERSION = YES_AGGRESSIVE;
				CLANG_CXX_LANGUAGE_STANDARD = "gnu++20";
				CLANG_ENABLE_MODULES = YES;
				CLANG_ENABLE_OBJC_ARC = YES;
				CLANG_ENABLE_OBJC_WEAK = YES;
				CLANG_WARN_BLOCK_CAPTURE_AUTORELEASING = YES;
				CLANG_WARN_BOOL_CONVERSION = YES;
				CLANG_WARN_COMMA = YES;
				CLANG_WARN_CONSTANT_CONVERSION = YES;
				CLANG_WARN_DEPRECATED_OBJC_IMPLEMENTATIONS = YES;
				CLANG_WARN_DIRECT_OBJC_ISA_USAGE = YES_ERROR;
				CLANG_WARN_DOCUMENTATION_COMMENTS = YES;
				CLANG_WARN_EMPTY_BODY = YES;
				CLANG_WARN_ENUM_CONVERSION = YES;
				CLANG_WARN_INFINITE_RECURSION = YES;
				CLANG_WARN_INT_CONVERSION = YES;
				CLANG_WARN_NON_LITERAL_NULL_CONVERSION = YES;
				CLANG_WARN_OBJC_IMPLICIT_RETAIN_SELF = YES;
				CLANG_WARN_OBJC_LITERAL_CONVERSION = YES;
				CLANG_WARN_OBJC_ROOT_CLASS = YES_ERROR;
				CLANG_WARN_QUOTED_INCLUDE_IN_FRAMEWORK_HEADER = YES;
				CLANG_WARN_RANGE_LOOP_ANALYSIS = YES;
				CLANG_WARN_STRICT_PROTOTYPES = YES;
				CLANG_WARN_SUSPICIOUS_MOVE = YES;
				CLANG_WARN_UNGUARDED_AVAILABILITY = YES_AGGRESSIVE;
				CLANG_WARN_UNREACHABLE_CODE = YES;
				CLANG_WARN__DUPLICATE_METHOD_MATCH = YES;
				COPY_PHASE_STRIP = NO;
				DEBUG_INFORMATION_FORMAT = dwarf;
				DEVELOPMENT_TEAM = "";
				ENABLE_STRICT_OBJC_MSGSEND = YES;
				ENABLE_TESTABILITY = YES;
				ENABLE_USER_SCRIPT_SANDBOXING = YES;
				GCC_C_LANGUAGE_STANDARD = gnu17;
				GCC_DYNAMIC_NO_PIC = NO;
				GCC_NO_COMMON_BLOCKS = YES;
				GCC_OPTIMIZATION_LEVEL = 0;
				GCC_PREPROCESSOR_DEFINITIONS = (
					"DEBUG=1",
					"$(inherited)",
				);
				GCC_WARN_64_TO_32_BIT_CONVERSION = YES;
				GCC_WARN_ABOUT_RETURN_TYPE = YES_ERROR;
				GCC_WARN_UNDECLARED_SELECTOR = YES;
				GCC_WARN_UNINITIALIZED_AUTOS = YES_AGGRESSIVE;
				GCC_WARN_UNUSED_FUNCTION = YES;
				GCC_WARN_UNUSED_VARIABLE = YES;
				IPHONEOS_DEPLOYMENT_TARGET = 17.5;
				LOCALIZATION_PREFERS_STRING_CATALOGS = YES;
				MTL_ENABLE_DEBUG_INFO = INCLUDE_SOURCE;
				MTL_FAST_MATH = YES;
				ONLY_ACTIVE_ARCH = YES;
				SDKROOT = iphoneos;
				STRING_CATALOG_GENERATE_SYMBOLS = YES;
				SWIFT_ACTIVE_COMPILATION_CONDITIONS = "DEBUG $(inherited)";
				SWIFT_OPTIMIZATION_LEVEL = "-Onone";
			};
			name = Debug;
		};
		50D44D0F2C3F91F800CF6A69 /* Release */ = {
			isa = XCBuildConfiguration;
			buildSettings = {
				ALWAYS_SEARCH_USER_PATHS = NO;
				ASSETCATALOG_COMPILER_GENERATE_SWIFT_ASSET_SYMBOL_EXTENSIONS = YES;
				CLANG_ANALYZER_LOCALIZABILITY_NONLOCALIZED = YES;
				CLANG_ANALYZER_NONNULL = YES;
				CLANG_ANALYZER_NUMBER_OBJECT_CONVERSION = YES_AGGRESSIVE;
				CLANG_CXX_LANGUAGE_STANDARD = "gnu++20";
				CLANG_ENABLE_MODULES = YES;
				CLANG_ENABLE_OBJC_ARC = YES;
				CLANG_ENABLE_OBJC_WEAK = YES;
				CLANG_WARN_BLOCK_CAPTURE_AUTORELEASING = YES;
				CLANG_WARN_BOOL_CONVERSION = YES;
				CLANG_WARN_COMMA = YES;
				CLANG_WARN_CONSTANT_CONVERSION = YES;
				CLANG_WARN_DEPRECATED_OBJC_IMPLEMENTATIONS = YES;
				CLANG_WARN_DIRECT_OBJC_ISA_USAGE = YES_ERROR;
				CLANG_WARN_DOCUMENTATION_COMMENTS = YES;
				CLANG_WARN_EMPTY_BODY = YES;
				CLANG_WARN_ENUM_CONVERSION = YES;
				CLANG_WARN_INFINITE_RECURSION = YES;
				CLANG_WARN_INT_CONVERSION = YES;
				CLANG_WARN_NON_LITERAL_NULL_CONVERSION = YES;
				CLANG_WARN_OBJC_IMPLICIT_RETAIN_SELF = YES;
				CLANG_WARN_OBJC_LITERAL_CONVERSION = YES;
				CLANG_WARN_OBJC_ROOT_CLASS = YES_ERROR;
				CLANG_WARN_QUOTED_INCLUDE_IN_FRAMEWORK_HEADER = YES;
				CLANG_WARN_RANGE_LOOP_ANALYSIS = YES;
				CLANG_WARN_STRICT_PROTOTYPES = YES;
				CLANG_WARN_SUSPICIOUS_MOVE = YES;
				CLANG_WARN_UNGUARDED_AVAILABILITY = YES_AGGRESSIVE;
				CLANG_WARN_UNREACHABLE_CODE = YES;
				CLANG_WARN__DUPLICATE_METHOD_MATCH = YES;
				COPY_PHASE_STRIP = NO;
				DEBUG_INFORMATION_FORMAT = "dwarf-with-dsym";
				DEVELOPMENT_TEAM = "";
				ENABLE_NS_ASSERTIONS = NO;
				ENABLE_STRICT_OBJC_MSGSEND = YES;
				ENABLE_USER_SCRIPT_SANDBOXING = YES;
				GCC_C_LANGUAGE_STANDARD = gnu17;
				GCC_NO_COMMON_BLOCKS = YES;
				GCC_WARN_64_TO_32_BIT_CONVERSION = YES;
				GCC_WARN_ABOUT_RETURN_TYPE = YES_ERROR;
				GCC_WARN_UNDECLARED_SELECTOR = YES;
				GCC_WARN_UNINITIALIZED_AUTOS = YES_AGGRESSIVE;
				GCC_WARN_UNUSED_FUNCTION = YES;
				GCC_WARN_UNUSED_VARIABLE = YES;
				IPHONEOS_DEPLOYMENT_TARGET = 17.5;
				LOCALIZATION_PREFERS_STRING_CATALOGS = YES;
				MTL_ENABLE_DEBUG_INFO = NO;
				MTL_FAST_MATH = YES;
				SDKROOT = iphoneos;
				STRING_CATALOG_GENERATE_SYMBOLS = YES;
				SWIFT_COMPILATION_MODE = wholemodule;
				VALIDATE_PRODUCT = YES;
			};
			name = Release;
		};
		50D44D112C3F91F800CF6A69 /* Debug */ = {
			isa = XCBuildConfiguration;
			buildSettings = {
				ASSETCATALOG_COMPILER_APPICON_NAME = AppIcon;
				ASSETCATALOG_COMPILER_GLOBAL_ACCENT_COLOR_NAME = AccentColor;
				CODE_SIGN_ENTITLEMENTS = Asspp/Asspp.entitlements;
				"CODE_SIGN_IDENTITY[sdk=macosx*]" = "-";
				CODE_SIGN_STYLE = Automatic;
				CURRENT_PROJECT_VERSION = 13;
				DEVELOPMENT_TEAM = "";
				ENABLE_APP_SANDBOX = YES;
				ENABLE_INCOMING_NETWORK_CONNECTIONS = YES;
				ENABLE_OUTGOING_NETWORK_CONNECTIONS = YES;
				ENABLE_PREVIEWS = YES;
				ENABLE_RESOURCE_ACCESS_AUDIO_INPUT = NO;
				ENABLE_RESOURCE_ACCESS_BLUETOOTH = NO;
				ENABLE_RESOURCE_ACCESS_CALENDARS = NO;
				ENABLE_RESOURCE_ACCESS_CAMERA = NO;
				ENABLE_RESOURCE_ACCESS_CONTACTS = NO;
				ENABLE_RESOURCE_ACCESS_LOCATION = NO;
				ENABLE_RESOURCE_ACCESS_PRINTING = NO;
				ENABLE_RESOURCE_ACCESS_USB = NO;
				ENABLE_USER_SELECTED_FILES = readwrite;
				GENERATE_INFOPLIST_FILE = YES;
				INFOPLIST_FILE = Asspp/Info.plist;
				INFOPLIST_KEY_LSApplicationCategoryType = "public.app-category.developer-tools";
				INFOPLIST_KEY_NSLocalNetworkUsageDescription = "Asspp requires this permission to communicate with install service on your device.";
				INFOPLIST_KEY_UIApplicationSceneManifest_Generation = YES;
				INFOPLIST_KEY_UIApplicationSupportsIndirectInputEvents = YES;
				INFOPLIST_KEY_UILaunchScreen_Generation = YES;
				INFOPLIST_KEY_UISupportedInterfaceOrientations = UIInterfaceOrientationPortrait;
				INFOPLIST_KEY_UISupportedInterfaceOrientations_iPad = "UIInterfaceOrientationLandscapeLeft UIInterfaceOrientationLandscapeRight UIInterfaceOrientationPortrait UIInterfaceOrientationPortraitUpsideDown";
				IPHONEOS_DEPLOYMENT_TARGET = 15.0;
				LD_RUNPATH_SEARCH_PATHS = (
					"$(inherited)",
					"@executable_path/Frameworks",
				);
				MARKETING_VERSION = 2.1;
				PRODUCT_BUNDLE_IDENTIFIER = wiki.qaq.Asspp;
				PRODUCT_NAME = "$(TARGET_NAME)";
				SUPPORTED_PLATFORMS = "iphoneos iphonesimulator";
				SUPPORTS_MACCATALYST = YES;
				SWIFT_EMIT_LOC_STRINGS = YES;
				SWIFT_VERSION = 5.0;
				TARGETED_DEVICE_FAMILY = "1,2";
			};
			name = Debug;
		};
		50D44D122C3F91F800CF6A69 /* Release */ = {
			isa = XCBuildConfiguration;
			buildSettings = {
				ASSETCATALOG_COMPILER_APPICON_NAME = AppIcon;
				ASSETCATALOG_COMPILER_GLOBAL_ACCENT_COLOR_NAME = AccentColor;
				CODE_SIGN_ENTITLEMENTS = Asspp/Asspp.entitlements;
				"CODE_SIGN_IDENTITY[sdk=macosx*]" = "-";
				CODE_SIGN_STYLE = Automatic;
				CURRENT_PROJECT_VERSION = 13;
				DEVELOPMENT_TEAM = "";
				ENABLE_APP_SANDBOX = YES;
				ENABLE_INCOMING_NETWORK_CONNECTIONS = YES;
				ENABLE_OUTGOING_NETWORK_CONNECTIONS = YES;
				ENABLE_PREVIEWS = YES;
				ENABLE_RESOURCE_ACCESS_AUDIO_INPUT = NO;
				ENABLE_RESOURCE_ACCESS_BLUETOOTH = NO;
				ENABLE_RESOURCE_ACCESS_CALENDARS = NO;
				ENABLE_RESOURCE_ACCESS_CAMERA = NO;
				ENABLE_RESOURCE_ACCESS_CONTACTS = NO;
				ENABLE_RESOURCE_ACCESS_LOCATION = NO;
				ENABLE_RESOURCE_ACCESS_PRINTING = NO;
				ENABLE_RESOURCE_ACCESS_USB = NO;
				ENABLE_USER_SELECTED_FILES = readwrite;
				GENERATE_INFOPLIST_FILE = YES;
				INFOPLIST_FILE = Asspp/Info.plist;
				INFOPLIST_KEY_LSApplicationCategoryType = "public.app-category.developer-tools";
				INFOPLIST_KEY_NSLocalNetworkUsageDescription = "Asspp requires this permission to communicate with install service on your device.";
				INFOPLIST_KEY_UIApplicationSceneManifest_Generation = YES;
				INFOPLIST_KEY_UIApplicationSupportsIndirectInputEvents = YES;
				INFOPLIST_KEY_UILaunchScreen_Generation = YES;
				INFOPLIST_KEY_UISupportedInterfaceOrientations = UIInterfaceOrientationPortrait;
				INFOPLIST_KEY_UISupportedInterfaceOrientations_iPad = "UIInterfaceOrientationLandscapeLeft UIInterfaceOrientationLandscapeRight UIInterfaceOrientationPortrait UIInterfaceOrientationPortraitUpsideDown";
				IPHONEOS_DEPLOYMENT_TARGET = 15.0;
				LD_RUNPATH_SEARCH_PATHS = (
					"$(inherited)",
					"@executable_path/Frameworks",
				);
				MARKETING_VERSION = 2.1;
				PRODUCT_BUNDLE_IDENTIFIER = wiki.qaq.Asspp;
				PRODUCT_NAME = "$(TARGET_NAME)";
				SUPPORTED_PLATFORMS = "iphoneos iphonesimulator";
				SUPPORTS_MACCATALYST = YES;
				SWIFT_EMIT_LOC_STRINGS = YES;
				SWIFT_VERSION = 5.0;
				TARGETED_DEVICE_FAMILY = "1,2";
			};
			name = Release;
		};
/* End XCBuildConfiguration section */

/* Begin XCConfigurationList section */
		50D44CFD2C3F91F700CF6A69 /* Build configuration list for PBXProject "Asspp" */ = {
			isa = XCConfigurationList;
			buildConfigurations = (
				50D44D0E2C3F91F800CF6A69 /* Debug */,
				50D44D0F2C3F91F800CF6A69 /* Release */,
			);
			defaultConfigurationIsVisible = 0;
			defaultConfigurationName = Release;
		};
		50D44D102C3F91F800CF6A69 /* Build configuration list for PBXNativeTarget "Asspp" */ = {
			isa = XCConfigurationList;
			buildConfigurations = (
				50D44D112C3F91F800CF6A69 /* Debug */,
				50D44D122C3F91F800CF6A69 /* Release */,
			);
			defaultConfigurationIsVisible = 0;
			defaultConfigurationName = Release;
		};
/* End XCConfigurationList section */

/* Begin XCRemoteSwiftPackageReference section */
		50184B872E7860D500402B74 /* XCRemoteSwiftPackageReference "Dynamic" */ = {
			isa = XCRemoteSwiftPackageReference;
			repositoryURL = "https://github.com/mhdhejazi/Dynamic.git";
			requirement = {
				kind = upToNextMajorVersion;
				minimumVersion = 1.2.0;
			};
		};
		507974612E784D4E0016F540 /* XCRemoteSwiftPackageReference "Digger" */ = {
			isa = XCRemoteSwiftPackageReference;
			repositoryURL = "https://github.com/Lakr233/Digger";
			requirement = {
				kind = upToNextMajorVersion;
				minimumVersion = 0.0.5;
			};
		};
		50D0C8B62C40187800538F49 /* XCRemoteSwiftPackageReference "vapor" */ = {
			isa = XCRemoteSwiftPackageReference;
			repositoryURL = "https://github.com/vapor/vapor";
			requirement = {
				kind = upToNextMajorVersion;
				minimumVersion = 4.102.1;
			};
		};
		50D262922E77D63B00FF8813 /* XCRemoteSwiftPackageReference "swift-log" */ = {
			isa = XCRemoteSwiftPackageReference;
			repositoryURL = "https://github.com/apple/swift-log";
			requirement = {
				kind = upToNextMajorVersion;
				minimumVersion = 1.6.4;
			};
		};
		50D44D1A2C3F92BB00CF6A69 /* XCRemoteSwiftPackageReference "swift-nio" */ = {
			isa = XCRemoteSwiftPackageReference;
			repositoryURL = "https://github.com/apple/swift-nio.git";
			requirement = {
				kind = upToNextMajorVersion;
				minimumVersion = 2.68.0;
			};
		};
		50D44D212C3F92C500CF6A69 /* XCRemoteSwiftPackageReference "swift-nio-ssl" */ = {
			isa = XCRemoteSwiftPackageReference;
			repositoryURL = "https://github.com/apple/swift-nio-ssl.git";
			requirement = {
				kind = upToNextMajorVersion;
				minimumVersion = 2.27.0;
			};
		};
		50D44D3D2C3FA59500CF6A69 /* XCRemoteSwiftPackageReference "Kingfisher" */ = {
			isa = XCRemoteSwiftPackageReference;
			repositoryURL = "https://github.com/onevcat/Kingfisher";
			requirement = {
				kind = upToNextMajorVersion;
				minimumVersion = 7.12.0;
			};
		};
		50D44D4F2C3FC85F00CF6A69 /* XCRemoteSwiftPackageReference "AnyCodable" */ = {
			isa = XCRemoteSwiftPackageReference;
			repositoryURL = "https://github.com/Flight-School/AnyCodable";
			requirement = {
				kind = upToNextMajorVersion;
				minimumVersion = 0.6.7;
			};
		};
		50E28B7F2C40BA52007891E0 /* XCRemoteSwiftPackageReference "ColorfulX" */ = {
			isa = XCRemoteSwiftPackageReference;
			repositoryURL = "https://github.com/Lakr233/ColorfulX";
			requirement = {
				kind = upToNextMajorVersion;
				minimumVersion = 5.7.0;
			};
		};
		80CD64EB2C42AA2C0073E206 /* XCRemoteSwiftPackageReference "KeychainAccess" */ = {
			isa = XCRemoteSwiftPackageReference;
			repositoryURL = "https://github.com/kishikawakatsumi/KeychainAccess.git";
			requirement = {
				kind = upToNextMajorVersion;
				minimumVersion = 4.2.2;
			};
		};
/* End XCRemoteSwiftPackageReference section */

/* Begin XCSwiftPackageProductDependency section */
		50184B882E7860D500402B74 /* Dynamic */ = {
			isa = XCSwiftPackageProductDependency;
			package = 50184B872E7860D500402B74 /* XCRemoteSwiftPackageReference "Dynamic" */;
			productName = Dynamic;
		};
		507974622E784D4E0016F540 /* Digger */ = {
			isa = XCSwiftPackageProductDependency;
			package = 507974612E784D4E0016F540 /* XCRemoteSwiftPackageReference "Digger" */;
			productName = Digger;
		};
		50D0C8B72C40187800538F49 /* Vapor */ = {
			isa = XCSwiftPackageProductDependency;
			package = 50D0C8B62C40187800538F49 /* XCRemoteSwiftPackageReference "vapor" */;
			productName = Vapor;
		};
		50D262932E77D63B00FF8813 /* Logging */ = {
			isa = XCSwiftPackageProductDependency;
			package = 50D262922E77D63B00FF8813 /* XCRemoteSwiftPackageReference "swift-log" */;
			productName = Logging;
		};
		50D44D182C3F92A100CF6A69 /* ApplePackage */ = {
			isa = XCSwiftPackageProductDependency;
			productName = ApplePackage;
		};
		50D44D1B2C3F92BB00CF6A69 /* NIO */ = {
			isa = XCSwiftPackageProductDependency;
			package = 50D44D1A2C3F92BB00CF6A69 /* XCRemoteSwiftPackageReference "swift-nio" */;
			productName = NIO;
		};
		50D44D1D2C3F92BB00CF6A69 /* NIOHTTP1 */ = {
			isa = XCSwiftPackageProductDependency;
			package = 50D44D1A2C3F92BB00CF6A69 /* XCRemoteSwiftPackageReference "swift-nio" */;
			productName = NIOHTTP1;
		};
		50D44D1F2C3F92BB00CF6A69 /* NIOTLS */ = {
			isa = XCSwiftPackageProductDependency;
			package = 50D44D1A2C3F92BB00CF6A69 /* XCRemoteSwiftPackageReference "swift-nio" */;
			productName = NIOTLS;
		};
		50D44D222C3F92C500CF6A69 /* NIOSSL */ = {
			isa = XCSwiftPackageProductDependency;
			package = 50D44D212C3F92C500CF6A69 /* XCRemoteSwiftPackageReference "swift-nio-ssl" */;
			productName = NIOSSL;
		};
		50D44D3E2C3FA59500CF6A69 /* Kingfisher */ = {
			isa = XCSwiftPackageProductDependency;
			package = 50D44D3D2C3FA59500CF6A69 /* XCRemoteSwiftPackageReference "Kingfisher" */;
			productName = Kingfisher;
		};
		50D44D502C3FC85F00CF6A69 /* AnyCodable */ = {
			isa = XCSwiftPackageProductDependency;
			package = 50D44D4F2C3FC85F00CF6A69 /* XCRemoteSwiftPackageReference "AnyCodable" */;
			productName = AnyCodable;
		};
		50E28B802C40BA52007891E0 /* ColorfulX */ = {
			isa = XCSwiftPackageProductDependency;
			package = 50E28B7F2C40BA52007891E0 /* XCRemoteSwiftPackageReference "ColorfulX" */;
			productName = ColorfulX;
		};
		80CD64EC2C42AA2C0073E206 /* KeychainAccess */ = {
			isa = XCSwiftPackageProductDependency;
			package = 80CD64EB2C42AA2C0073E206 /* XCRemoteSwiftPackageReference "KeychainAccess" */;
			productName = KeychainAccess;
		};
/* End XCSwiftPackageProductDependency section */
	};
	rootObject = 50D44CFA2C3F91F700CF6A69 /* Project object */;
}
