{
  "pins" : [
    {
      "identity" : "zipfoundation",
      "kind" : "remoteSourceControl",
      "location" : "https://github.com/weichsel/ZIPFoundation.git",
      "state" : {
        "revision" : "a3f5c2bae0f04b0bce9ef3c4ba6bd1031a0564c4",
        "version" : "0.9.17"
      }
    }
  ],
  "version" : 2
}
